PODS:
  - Alamofire (4.8.2)
  - Differentiator (3.1.0)
  - HandyJSON (5.0.0)
  - Kingfisher (4.6.4)
  - MJRefresh (3.1.15.7)
  - Moya/Core (12.0.1):
    - Alamofire (~> 4.1)
    - Result (~> 4.0)
  - Moya/RxSwift (12.0.1):
    - Moya/Core
    - RxSwift (~> 4.0)
  - Result (4.1.0)
  - RxAtomic (4.4.2)
  - RxCocoa (4.4.2):
    - RxSwift (>= 4.4.2, ~> 4.4)
  - RxDataSources (3.1.0):
    - Differentiator (~> 3.0)
    - RxCocoa (~> 4.0)
    - RxSwift (~> 4.0)
  - RxSwift (4.4.2):
    - RxAtomic (>= 4.4.2, ~> 4.4)
  - SnapKit (4.0.1)
  - SQLite.swift (0.11.6):
    - SQLite.swift/standard (= 0.11.6)
  - SQLite.swift/standard (0.11.6)
  - UMCAnalytics (6.0.5):
    - UMCCommon
  - UMCCommon (2.1.1)
  - UMCPush (3.2.4):
    - UMCCommon
  - UMCSecurityPlugins (1.0.6)
  - WebViewJavascriptBridge (6.0.3)

DEPENDENCIES:
  - HandyJSON (~> 5.0.0-beta.1)
  - Kingfisher (~> 4.6.1)
  - MJRefresh (~> 3.1.15.3)
  - Moya/RxSwift (~> 12.0.1)
  - RxCocoa (~> 4.4.0)
  - RxDataSources (~> 3.1.0)
  - RxSwift (~> 4.4.0)
  - SnapKit (~> 4.0.0)
  - SQLite.swift (~> 0.11.5)
  - UMCAnalytics (~> 6.0.5)
  - UMCCommon (~> 2.1.1)
  - UMCPush (~> 3.2.4)
  - UMCSecurityPlugins (~> 1.0.6)
  - WebViewJavascriptBridge

SPEC REPOS:
  https://github.com/CocoaPods/Specs.git:
    - Alamofire
    - Differentiator
    - HandyJSON
    - Kingfisher
    - MJRefresh
    - Moya
    - Result
    - RxAtomic
    - RxCocoa
    - RxDataSources
    - RxSwift
    - SnapKit
    - SQLite.swift
    - UMCAnalytics
    - UMCCommon
    - UMCPush
    - UMCSecurityPlugins
    - WebViewJavascriptBridge

SPEC CHECKSUMS:
  Alamofire: ae5c501addb7afdbb13687d7f2f722c78734c2d3
  Differentiator: be49ca3408f0ecfc761e4c7763d20c62be01b9ad
  HandyJSON: 992f2d661716d6a91de82d0056927bc7813b5770
  Kingfisher: 68498a706e46c2a050b0c9572f100e5db407f6e0
  MJRefresh: 697f8ec75ebdbe9207767bb682cf0f51b0d8a41f
  Moya: cf730b3cd9e005401ef37a85143aa141a12fd38f
  Result: bd966fac789cc6c1563440b348ab2598cc24d5c7
  RxAtomic: d00e97c10db88c6f08540e0bf2752fc5a2404167
  RxCocoa: 477990dc3b4c3ff55fb0ac77e1cc06244e0aaec8
  RxDataSources: a843bad90c29817f5923ec8163f4af2de084ceb3
  RxSwift: 74c29b693c8e42b0f64400e8b06564575742d649
  SnapKit: 0de968a9fec17499afa29683b05d0c775b6d1c29
  SQLite.swift: 46d890be8601964454bd3392527f863d1b802d45
  UMCAnalytics: 045be2cd1ec05aa95ad62405a850757f932e2d59
  UMCCommon: 971f324a5a99c9d662ae040a815e7e3d7ef8b2a8
  UMCPush: 1edd856027dcf905333effb4040ace5d236a7316
  UMCSecurityPlugins: 0831a08f3988f3cea9f1d3a7626cd9bee4fef150
  WebViewJavascriptBridge: 7f5bc4d3581e672e8f32bd0f812d54bc69bb8e29

PODFILE CHECKSUM: bb01248be66274f8a4d29d4361a255411c547629

COCOAPODS: 1.8.3
